
Microsoft Visual Studio Solution File, Format Version 9.00
# Visual Studio 2005
Project("{8BC9CEB8-8B4A-11D0-8D11-00A0C91BC942}") = "CAListener", "3DMServer.vcproj", "{BEB98ADE-C61B-497F-9942-7400D995C1D7}"
EndProject
Project("{8BC9CEB8-8B4A-11D0-8D11-00A0C91BC942}") = "CaiApi", "..\CaiApi\CaiApi.vcproj", "{9454DFAC-DC84-45DC-8E77-48746C0CD43F}"
EndProject
Global
	GlobalSection(SolutionConfigurationPlatforms) = preSolution
		Debug|Win32 = Debug|Win32
		Release|Win32 = Release|Win32
	EndGlobalSection
	GlobalSection(ProjectConfigurationPlatforms) = postSolution
		{BEB98ADE-C61B-497F-9942-7400D995C1D7}.Debug|Win32.ActiveCfg = Debug|Win32
		{BEB98ADE-C61B-497F-9942-7400D995C1D7}.Debug|Win32.Build.0 = Debug|Win32
		{BEB98ADE-C61B-497F-9942-7400D995C1D7}.Release|Win32.ActiveCfg = Release|Win32
		{BEB98ADE-C61B-497F-9942-7400D995C1D7}.Release|Win32.Build.0 = Release|Win32
		{9454DFAC-DC84-45DC-8E77-48746C0CD43F}.Debug|Win32.ActiveCfg = Debug|Win32
		{9454DFAC-DC84-45DC-8E77-48746C0CD43F}.Debug|Win32.Build.0 = Debug|Win32
		{9454DFAC-DC84-45DC-8E77-48746C0CD43F}.Release|Win32.ActiveCfg = Release|Win32
		{9454DFAC-DC84-45DC-8E77-48746C0CD43F}.Release|Win32.Build.0 = Release|Win32
	EndGlobalSection
	GlobalSection(SolutionProperties) = preSolution
		HideSolutionNode = FALSE
	EndGlobalSection
EndGlobal
